// !$*UTF8*$!
{
	archiveVersion = 1;
	classes = {
	};
	objectVersion = 50;
	objects = {

/* Begin PBXBuildFile section */
		31CA57A7258E643C000262DE /* AppDelegate.swift in Sources */ = {isa = PBXBuildFile; fileRef = 31CA57A6258E643C000262DE /* AppDelegate.swift */; };
		31CA57A9258E643C000262DE /* SceneDelegate.swift in Sources */ = {isa = PBXBuildFile; fileRef = 31CA57A8258E643C000262DE /* SceneDelegate.swift */; };
		31CA57AE258E643C000262DE /* Main.storyboard in Resources */ = {isa = PBXBuildFile; fileRef = 31CA57AC258E643C000262DE /* Main.storyboard */; };
		31CA57B1258E643C000262DE /* DailyJournal.xcdatamodeld in Sources */ = {isa = PBXBuildFile; fileRef = 31CA57AF258E643C000262DE /* DailyJournal.xcdatamodeld */; };
		31CA57B3258E643F000262DE /* Assets.xcassets in Resources */ = {isa = PBXBuildFile; fileRef = 31CA57B2258E643F000262DE /* Assets.xcassets */; };
		31CA57B6258E643F000262DE /* LaunchScreen.storyboard in Resources */ = {isa = PBXBuildFile; fileRef = 31CA57B4258E643F000262DE /* LaunchScreen.storyboard */; };
		31CA57BF258E69A3000262DE /* Entry.swift in Sources */ = {isa = PBXBuildFile; fileRef = 31CA57BE258E69A3000262DE /* Entry.swift */; };
		31CA57C3258E6A82000262DE /* EntriesTableViewController.swift in Sources */ = {isa = PBXBuildFile; fileRef = 31CA57C2258E6A82000262DE /* EntriesTableViewController.swift */; };
		31CA57C7258E6B36000262DE /* EntryViewController.swift in Sources */ = {isa = PBXBuildFile; fileRef = 31CA57C6258E6B36000262DE /* EntryViewController.swift */; };
/* End PBXBuildFile section */

/* Begin PBXFileReference section */
		31CA57A3258E643C000262DE /* DailyJournal.app */ = {isa = PBXFileReference; explicitFileType = wrapper.application; includeInIndex = 0; path = DailyJournal.app; sourceTree = BUILT_PRODUCTS_DIR; };
		31CA57A6258E643C000262DE /* AppDelegate.swift */ = {isa = PBXFileReference; lastKnownFileType = sourcecode.swift; path = AppDelegate.swift; sourceTree = "<group>"; };
		31CA57A8258E643C000262DE /* SceneDelegate.swift */ = {isa = PBXFileReference; lastKnownFileType = sourcecode.swift; path = SceneDelegate.swift; sourceTree = "<group>"; };
		31CA57AD258E643C000262DE /* Base */ = {isa = PBXFileReference; lastKnownFileType = file.storyboard; name = Base; path = Base.lproj/Main.storyboard; sourceTree = "<group>"; };
		31CA57B0258E643C000262DE /* DailyJournal.xcdatamodel */ = {isa = PBXFileReference; lastKnownFileType = wrapper.xcdatamodel; path = DailyJournal.xcdatamodel; sourceTree = "<group>"; };
		31CA57B2258E643F000262DE /* Assets.xcassets */ = {isa = PBXFileReference; lastKnownFileType = folder.assetcatalog; path = Assets.xcassets; sourceTree = "<group>"; };
		31CA57B5258E643F000262DE /* Base */ = {isa = PBXFileReference; lastKnownFileType = file.storyboard; name = Base; path = Base.lproj/LaunchScreen.storyboard; sourceTree = "<group>"; };
		31CA57B7258E643F000262DE /* Info.plist */ = {isa = PBXFileReference; lastKnownFileType = text.plist.xml; path = Info.plist; sourceTree = "<group>"; };
		31CA57BE258E69A3000262DE /* Entry.swift */ = {isa = PBXFileReference; lastKnownFileType = sourcecode.swift; path = Entry.swift; sourceTree = "<group>"; };
		31CA57C2258E6A82000262DE /* EntriesTableViewController.swift */ = {isa = PBXFileReference; lastKnownFileType = sourcecode.swift; path = EntriesTableViewController.swift; sourceTree = "<group>"; };
		31CA57C6258E6B36000262DE /* EntryViewController.swift */ = {isa = PBXFileReference; lastKnownFileType = sourcecode.swift; path = EntryViewController.swift; sourceTree = "<group>"; };
/* End PBXFileReference section */

/* Begin PBXFrameworksBuildPhase section */
		31CA57A0258E643C000262DE /* Frameworks */ = {
			isa = PBXFrameworksBuildPhase;
			buildActionMask = 2147483647;
			files = (
			);
			runOnlyForDeploymentPostprocessing = 0;
		};
/* End PBXFrameworksBuildPhase section */

/* Begin PBXGroup section */
		31CA579A258E643C000262DE = {
			isa = PBXGroup;
			children = (
				31CA57A5258E643C000262DE /* DailyJournal */,
				31CA57A4258E643C000262DE /* Products */,
			);
			sourceTree = "<group>";
		};
		31CA57A4258E643C000262DE /* Products */ = {
			isa = PBXGroup;
			children = (
				31CA57A3258E643C000262DE /* DailyJournal.app */,
			);
			name = Products;
			sourceTree = "<group>";
		};
		31CA57A5258E643C000262DE /* DailyJournal */ = {
			isa = PBXGroup;
			children = (
				31CA57A6258E643C000262DE /* AppDelegate.swift */,
				31CA57A8258E643C000262DE /* SceneDelegate.swift */,
				31CA57BE258E69A3000262DE /* Entry.swift */,
				31CA57C2258E6A82000262DE /* EntriesTableViewController.swift */,
				31CA57C6258E6B36000262DE /* EntryViewController.swift */,
				31CA57AC258E643C000262DE /* Main.storyboard */,
				31CA57B2258E643F000262DE /* Assets.xcassets */,
				31CA57B4258E643F000262DE /* LaunchScreen.storyboard */,
				31CA57B7258E643F000262DE /* Info.plist */,
				31CA57AF258E643C000262DE /* DailyJournal.xcdatamodeld */,
			);
			path = DailyJournal;
			sourceTree = "<group>";
		};
/* End PBXGroup section */

/* Begin PBXNativeTarget section */
		31CA57A2258E643C000262DE /* DailyJournal */ = {
			isa = PBXNativeTarget;
			buildConfigurationList = 31CA57BA258E643F000262DE /* Build configuration list for PBXNativeTarget "DailyJournal" */;
			buildPhases = (
				31CA579F258E643C000262DE /* Sources */,
				31CA57A0258E643C000262DE /* Frameworks */,
				31CA57A1258E643C000262DE /* Resources */,
			);
			buildRules = (
			);
			dependencies = (
			);
			name = DailyJournal;
			productName = DailyJournal;
			productReference = 31CA57A3258E643C000262DE /* DailyJournal.app */;
			productType = "com.apple.product-type.application";
		};
/* End PBXNativeTarget section */

/* Begin PBXProject section */
		31CA579B258E643C000262DE /* Project object */ = {
			isa = PBXProject;
			attributes = {
				LastSwiftUpdateCheck = 1220;
				LastUpgradeCheck = 1220;
				TargetAttributes = {
					31CA57A2258E643C000262DE = {
						CreatedOnToolsVersion = 12.2;
					};
				};
			};
			buildConfigurationList = 31CA579E258E643C000262DE /* Build configuration list for PBXProject "DailyJournal" */;
			compatibilityVersion = "Xcode 9.3";
			developmentRegion = en;
			hasScannedForEncodings = 0;
			knownRegions = (
				en,
				Base,
			);
			mainGroup = 31CA579A258E643C000262DE;
			productRefGroup = 31CA57A4258E643C000262DE /* Products */;
			projectDirPath = "";
			projectRoot = "";
			targets = (
				31CA57A2258E643C000262DE /* DailyJournal */,
			);
		};
/* End PBXProject section */

/* Begin PBXResourcesBuildPhase section */
		31CA57A1258E643C000262DE /* Resources */ = {
			isa = PBXResourcesBuildPhase;
			buildActionMask = 2147483647;
			files = (
				31CA57B6258E643F000262DE /* LaunchScreen.storyboard in Resources */,
				31CA57B3258E643F000262DE /* Assets.xcassets in Resources */,
				31CA57AE258E643C000262DE /* Main.storyboard in Resources */,
			);
			runOnlyForDeploymentPostprocessing = 0;
		};
/* End PBXResourcesBuildPhase section */

/* Begin PBXSourcesBuildPhase section */
		31CA579F258E643C000262DE /* Sources */ = {
			isa = PBXSourcesBuildPhase;
			buildActionMask = 2147483647;
			files = (
				31CA57BF258E69A3000262DE /* Entry.swift in Sources */,
				31CA57A7258E643C000262DE /* AppDelegate.swift in Sources */,
				31CA57A9258E643C000262DE /* SceneDelegate.swift in Sources */,
				31CA57B1258E643C000262DE /* DailyJournal.xcdatamodeld in Sources */,
				31CA57C3258E6A82000262DE /* EntriesTableViewController.swift in Sources */,
				31CA57C7258E6B36000262DE /* EntryViewController.swift in Sources */,
			);
			runOnlyForDeploymentPostprocessing = 0;
		};
/* End PBXSourcesBuildPhase section */

/* Begin PBXVariantGroup section */
		31CA57AC258E643C000262DE /* Main.storyboard */ = {
			isa = PBXVariantGroup;
			children = (
				31CA57AD258E643C000262DE /* Base */,
			);
			name = Main.storyboard;
			sourceTree = "<group>";
		};
		31CA57B4258E643F000262DE /* LaunchScreen.storyboard */ = {
			isa = PBXVariantGroup;
			children = (
				31CA57B5258E643F000262DE /* Base */,
			);
			name = LaunchScreen.storyboard;
			sourceTree = "<group>";
		};
/* End PBXVariantGroup section */

/* Begin XCBuildConfiguration section */
		31CA57B8258E643F000262DE /* Debug */ = {
			isa = XCBuildConfiguration;
			buildSettings = {
				ALWAYS_SEARCH_USER_PATHS = NO;
				CLANG_ANALYZER_NONNULL = YES;
				CLANG_ANALYZER_NUMBER_OBJECT_CONVERSION = YES_AGGRESSIVE;
				CLANG_CXX_LANGUAGE_STANDARD = "gnu++14";
				CLANG_CXX_LIBRARY = "libc++";
				CLANG_ENABLE_MODULES = YES;
				CLANG_ENABLE_OBJC_ARC = YES;
				CLANG_ENABLE_OBJC_WEAK = YES;
				CLANG_WARN_BLOCK_CAPTURE_AUTORELEASING = YES;
				CLANG_WARN_BOOL_CONVERSION = YES;
				CLANG_WARN_COMMA = YES;
				CLANG_WARN_CONSTANT_CONVERSION = YES;
				CLANG_WARN_DEPRECATED_OBJC_IMPLEMENTATIONS = YES;
				CLANG_WARN_DIRECT_OBJC_ISA_USAGE = YES_ERROR;
				CLANG_WARN_DOCUMENTATION_COMMENTS = YES;
				CLANG_WARN_EMPTY_BODY = YES;
				CLANG_WARN_ENUM_CONVERSION = YES;
				CLANG_WARN_INFINITE_RECURSION = YES;
				CLANG_WARN_INT_CONVERSION = YES;
				CLANG_WARN_NON_LITERAL_NULL_CONVERSION = YES;
				CLANG_WARN_OBJC_IMPLICIT_RETAIN_SELF = YES;
				CLANG_WARN_OBJC_LITERAL_CONVERSION = YES;
				CLANG_WARN_OBJC_ROOT_CLASS = YES_ERROR;
				CLANG_WARN_QUOTED_INCLUDE_IN_FRAMEWORK_HEADER = YES;
				CLANG_WARN_RANGE_LOOP_ANALYSIS = YES;
				CLANG_WARN_STRICT_PROTOTYPES = YES;
				CLANG_WARN_SUSPICIOUS_MOVE = YES;
				CLANG_WARN_UNGUARDED_AVAILABILITY = YES_AGGRESSIVE;
				CLANG_WARN_UNREACHABLE_CODE = YES;
				CLANG_WARN__DUPLICATE_METHOD_MATCH = YES;
				COPY_PHASE_STRIP = NO;
				DEBUG_INFORMATION_FORMAT = dwarf;
				ENABLE_STRICT_OBJC_MSGSEND = YES;
				ENABLE_TESTABILITY = YES;
				GCC_C_LANGUAGE_STANDARD = gnu11;
				GCC_DYNAMIC_NO_PIC = NO;
				GCC_NO_COMMON_BLOCKS = YES;
				GCC_OPTIMIZATION_LEVEL = 0;
				GCC_PREPROCESSOR_DEFINITIONS = (
					"DEBUG=1",
					"$(inherited)",
				);
				GCC_WARN_64_TO_32_BIT_CONVERSION = YES;
				GCC_WARN_ABOUT_RETURN_TYPE = YES_ERROR;
				GCC_WARN_UNDECLARED_SELECTOR = YES;
				GCC_WARN_UNINITIALIZED_AUTOS = YES_AGGRESSIVE;
				GCC_WARN_UNUSED_FUNCTION = YES;
				GCC_WARN_UNUSED_VARIABLE = YES;
				IPHONEOS_DEPLOYMENT_TARGET = 14.2;
				MTL_ENABLE_DEBUG_INFO = INCLUDE_SOURCE;
				MTL_FAST_MATH = YES;
				ONLY_ACTIVE_ARCH = YES;
				SDKROOT = iphoneos;
				SWIFT_ACTIVE_COMPILATION_CONDITIONS = DEBUG;
				SWIFT_OPTIMIZATION_LEVEL = "-Onone";
			};
			name = Debug;
		};
		31CA57B9258E643F000262DE /* Release */ = {
			isa = XCBuildConfiguration;
			buildSettings = {
				ALWAYS_SEARCH_USER_PATHS = NO;
				CLANG_ANALYZER_NONNULL = YES;
				CLANG_ANALYZER_NUMBER_OBJECT_CONVERSION = YES_AGGRESSIVE;
				CLANG_CXX_LANGUAGE_STANDARD = "gnu++14";
				CLANG_CXX_LIBRARY = "libc++";
				CLANG_ENABLE_MODULES = YES;
				CLANG_ENABLE_OBJC_ARC = YES;
				CLANG_ENABLE_OBJC_WEAK = YES;
				CLANG_WARN_BLOCK_CAPTURE_AUTORELEASING = YES;
				CLANG_WARN_BOOL_CONVERSION = YES;
				CLANG_WARN_COMMA = YES;
				CLANG_WARN_CONSTANT_CONVERSION = YES;
				CLANG_WARN_DEPRECATED_OBJC_IMPLEMENTATIONS = YES;
				CLANG_WARN_DIRECT_OBJC_ISA_USAGE = YES_ERROR;
				CLANG_WARN_DOCUMENTATION_COMMENTS = YES;
				CLANG_WARN_EMPTY_BODY = YES;
				CLANG_WARN_ENUM_CONVERSION = YES;
				CLANG_WARN_INFINITE_RECURSION = YES;
				CLANG_WARN_INT_CONVERSION = YES;
				CLANG_WARN_NON_LITERAL_NULL_CONVERSION = YES;
				CLANG_WARN_OBJC_IMPLICIT_RETAIN_SELF = YES;
				CLANG_WARN_OBJC_LITERAL_CONVERSION = YES;
				CLANG_WARN_OBJC_ROOT_CLASS = YES_ERROR;
				CLANG_WARN_QUOTED_INCLUDE_IN_FRAMEWORK_HEADER = YES;
				CLANG_WARN_RANGE_LOOP_ANALYSIS = YES;
				CLANG_WARN_STRICT_PROTOTYPES = YES;
				CLANG_WARN_SUSPICIOUS_MOVE = YES;
				CLANG_WARN_UNGUARDED_AVAILABILITY = YES_AGGRESSIVE;
				CLANG_WARN_UNREACHABLE_CODE = YES;
				CLANG_WARN__DUPLICATE_METHOD_MATCH = YES;
				COPY_PHASE_STRIP = NO;
				DEBUG_INFORMATION_FORMAT = "dwarf-with-dsym";
				ENABLE_NS_ASSERTIONS = NO;
				ENABLE_STRICT_OBJC_MSGSEND = YES;
				GCC_C_LANGUAGE_STANDARD = gnu11;
				GCC_NO_COMMON_BLOCKS = YES;
				GCC_WARN_64_TO_32_BIT_CONVERSION = YES;
				GCC_WARN_ABOUT_RETURN_TYPE = YES_ERROR;
				GCC_WARN_UNDECLARED_SELECTOR = YES;
				GCC_WARN_UNINITIALIZED_AUTOS = YES_AGGRESSIVE;
				GCC_WARN_UNUSED_FUNCTION = YES;
				GCC_WARN_UNUSED_VARIABLE = YES;
				IPHONEOS_DEPLOYMENT_TARGET = 14.2;
				MTL_ENABLE_DEBUG_INFO = NO;
				MTL_FAST_MATH = YES;
				SDKROOT = iphoneos;
				SWIFT_COMPILATION_MODE = wholemodule;
				SWIFT_OPTIMIZATION_LEVEL = "-O";
				VALIDATE_PRODUCT = YES;
			};
			name = Release;
		};
		31CA57BB258E643F000262DE /* Debug */ = {
			isa = XCBuildConfiguration;
			buildSettings = {
				ASSETCATALOG_COMPILER_APPICON_NAME = AppIcon;
				ASSETCATALOG_COMPILER_GLOBAL_ACCENT_COLOR_NAME = AccentColor;
				CODE_SIGN_STYLE = Automatic;
				INFOPLIST_FILE = DailyJournal/Info.plist;
				LD_RUNPATH_SEARCH_PATHS = (
					"$(inherited)",
					"@executable_path/Frameworks",
				);
				PRODUCT_BUNDLE_IDENTIFIER = cameron.stock.DailyJournal;
				PRODUCT_NAME = "$(TARGET_NAME)";
				SWIFT_VERSION = 5.0;
				TARGETED_DEVICE_FAMILY = "1,2";
			};
			name = Debug;
		};
		31CA57BC258E643F000262DE /* Release */ = {
			isa = XCBuildConfiguration;
			buildSettings = {
				ASSETCATALOG_COMPILER_APPICON_NAME = AppIcon;
				ASSETCATALOG_COMPILER_GLOBAL_ACCENT_COLOR_NAME = AccentColor;
				CODE_SIGN_STYLE = Automatic;
				INFOPLIST_FILE = DailyJournal/Info.plist;
				LD_RUNPATH_SEARCH_PATHS = (
					"$(inherited)",
					"@executable_path/Frameworks",
				);
				PRODUCT_BUNDLE_IDENTIFIER = cameron.stock.DailyJournal;
				PRODUCT_NAME = "$(TARGET_NAME)";
				SWIFT_VERSION = 5.0;
				TARGETED_DEVICE_FAMILY = "1,2";
			};
			name = Release;
		};
/* End XCBuildConfiguration section */

/* Begin XCConfigurationList section */
		31CA579E258E643C000262DE /* Build configuration list for PBXProject "DailyJournal" */ = {
			isa = XCConfigurationList;
			buildConfigurations = (
				31CA57B8258E643F000262DE /* Debug */,
				31CA57B9258E643F000262DE /* Release */,
			);
			defaultConfigurationIsVisible = 0;
			defaultConfigurationName = Release;
		};
		31CA57BA258E643F000262DE /* Build configuration list for PBXNativeTarget "DailyJournal" */ = {
			isa = XCConfigurationList;
			buildConfigurations = (
				31CA57BB258E643F000262DE /* Debug */,
				31CA57BC258E643F000262DE /* Release */,
			);
			defaultConfigurationIsVisible = 0;
			defaultConfigurationName = Release;
		};
/* End XCConfigurationList section */

/* Begin XCVersionGroup section */
		31CA57AF258E643C000262DE /* DailyJournal.xcdatamodeld */ = {
			isa = XCVersionGroup;
			children = (
				31CA57B0258E643C000262DE /* DailyJournal.xcdatamodel */,
			);
			currentVersion = 31CA57B0258E643C000262DE /* DailyJournal.xcdatamodel */;
			path = DailyJournal.xcdatamodeld;
			sourceTree = "<group>";
			versionGroupType = wrapper.xcdatamodel;
		};
/* End XCVersionGroup section */
	};
	rootObject = 31CA579B258E643C000262DE /* Project object */;
}
